
Microsoft Visual Studio Solution File, Format Version 12.00
# Visual Studio Version 17
VisualStudioVersion = 17.12.35514.174 d17.12
MinimumVisualStudioVersion = 10.0.40219.1
Project("{54A90642-561A-4BB1-A94E-469ADEE60C69}") = "reactproject3", "reactproject3\reactproject3.esproj", "{AF0616ED-B377-4A9C-A7D0-59A4CB29B896}"
EndProject
Global
	GlobalSection(SolutionConfigurationPlatforms) = preSolution
		Debug|Any CPU = Debug|Any CPU
		Release|Any CPU = Release|Any CPU
	EndGlobalSection
	GlobalSection(ProjectConfigurationPlatforms) = postSolution
		{AF0616ED-B377-4A9C-A7D0-59A4CB29B896}.Debug|Any CPU.ActiveCfg = Debug|Any CPU
		{AF0616ED-B377-4A9C-A7D0-59A4CB29B896}.Debug|Any CPU.Build.0 = Debug|Any CPU
		{AF0616ED-B377-4A9C-A7D0-59A4CB29B896}.Debug|Any CPU.Deploy.0 = Debug|Any CPU
		{AF0616ED-B377-4A9C-A7D0-59A4CB29B896}.Release|Any CPU.ActiveCfg = Release|Any CPU
		{AF0616ED-B377-4A9C-A7D0-59A4CB29B896}.Release|Any CPU.Build.0 = Release|Any CPU
		{AF0616ED-B377-4A9C-A7D0-59A4CB29B896}.Release|Any CPU.Deploy.0 = Release|Any CPU
	EndGlobalSection
	GlobalSection(SolutionProperties) = preSolution
		HideSolutionNode = FALSE
	EndGlobalSection
EndGlobal
